
Microsoft Visual Studio Solution File, Format Version 12.00
# Visual Studio 2013
VisualStudioVersion = 12.0.40629.0
MinimumVisualStudioVersion = 10.0.40219.1
Project("{2150E333-8FDC-42A3-9474-1A3956D46DE8}") = "03-Client", "03-Client", "{C8F75AEF-093A-48DF-8AA6-581D18CB5EDC}"
EndProject
Project("{2150E333-8FDC-42A3-9474-1A3956D46DE8}") = "01-Library", "01-Library", "{B3E681E7-14DC-4CF2-AD1C-99749F547A7D}"
EndProject
Project("{2150E333-8FDC-42A3-9474-1A3956D46DE8}") = "MetaMap", "MetaMap", "{D5DD0AC3-3AC8-4810-BE69-DE6ED7CE96F6}"
	ProjectSection(SolutionItems) = preProject
		01-Library\MetaMap\AxInterop.metamap2dLib.dll = 01-Library\MetaMap\AxInterop.metamap2dLib.dll
		01-Library\MetaMap\Interop.metamap2dLib.dll = 01-Library\MetaMap\Interop.metamap2dLib.dll
	EndProjectSection
EndProject
Project("{2150E333-8FDC-42A3-9474-1A3956D46DE8}") = "02-Modules", "02-Modules", "{2C024753-CDE7-417A-AAAC-19B24D8914C3}"
EndProject
Project("{FAE04EC0-301F-11D3-BF4B-00C04F79EFBC}") = "Sys.Safety.Common", "02-Modules\Sys.Safety.Common\Sys.Safety.Common.csproj", "{8E5D494D-95B5-46AE-9642-92D04410A5F9}"
EndProject
Project("{FAE04EC0-301F-11D3-BF4B-00C04F79EFBC}") = "Sys.Safety.Data", "02-Modules\Sys.Safety.Data\Sys.Safety.Data.csproj", "{28C16C50-43E2-4CDD-AE40-62AB58692434}"
EndProject
Project("{FAE04EC0-301F-11D3-BF4B-00C04F79EFBC}") = "Sys.Safety.DataContract", "02-Modules\Sys.Safety.DataContract\Sys.Safety.DataContract.csproj", "{BB6FBB99-66E9-4D1E-B1D1-D585A0151505}"
EndProject
Project("{FAE04EC0-301F-11D3-BF4B-00C04F79EFBC}") = "Sys.Safety.Model", "02-Modules\Sys.Safety.Model\Sys.Safety.Model.csproj", "{3B9FF2E1-F240-4BB3-A116-5976892A2301}"
EndProject
Project("{FAE04EC0-301F-11D3-BF4B-00C04F79EFBC}") = "Sys.Safety.DataAccess", "02-Modules\Sys.Safety.DataAccess\Sys.Safety.DataAccess.csproj", "{A46E653E-A3B8-4D4C-9110-A97FD747C31F}"
EndProject
Project("{FAE04EC0-301F-11D3-BF4B-00C04F79EFBC}") = "Sys.Safety.Services", "02-Modules\Sys.Safety.Services\Sys.Safety.Services.csproj", "{E7FA650F-88C2-4417-A349-CF9E0CBEF6FF}"
EndProject
Project("{FAE04EC0-301F-11D3-BF4B-00C04F79EFBC}") = "Sys.Safety.Enums", "02-Modules\Sys.Safety.Enums\Sys.Safety.Enums.csproj", "{59D5703E-EA5E-4836-B557-1B99E80754E4}"
EndProject
Project("{FAE04EC0-301F-11D3-BF4B-00C04F79EFBC}") = "Sys.Safety.ServiceContract", "02-Modules\Sys.Safety.ServiceContract\Sys.Safety.ServiceContract.csproj", "{F723137B-DC93-4E92-B3A3-C02281B46E0F}"
EndProject
Project("{FAE04EC0-301F-11D3-BF4B-00C04F79EFBC}") = "Sys.Safety.Request", "02-Modules\Sys.Safety.Request\Sys.Safety.Request.csproj", "{C17815BF-001E-4872-A45E-0E6E48A59F0F}"
EndProject
Project("{FAE04EC0-301F-11D3-BF4B-00C04F79EFBC}") = "Sys.Safety.Processing", "02-Modules\Sys.Safety.Processing\Sys.Safety.Processing.csproj", "{FDEE6F92-8D6D-4627-808E-D6B83BF55DEF}"
EndProject
Project("{FAE04EC0-301F-11D3-BF4B-00C04F79EFBC}") = "Sys.Safety.WebApi", "02-Modules\Sys.Safety.WebApi\Sys.Safety.WebApi.csproj", "{FDC68BD2-0361-49D4-8D65-BD766C0EC872}"
EndProject
Project("{2150E333-8FDC-42A3-9474-1A3956D46DE8}") = "Framework", "Framework", "{41932FC0-E9EE-4CB3-9C55-8DF8D6C75CB1}"
	ProjectSection(SolutionItems) = preProject
		01-Library\Framework\Autofac.dll = 01-Library\Framework\Autofac.dll
		01-Library\Framework\Autofac.Integration.Mvc.dll = 01-Library\Framework\Autofac.Integration.Mvc.dll
		01-Library\Framework\Basic.Cache.dll = 01-Library\Framework\Basic.Cache.dll
		01-Library\Framework\Basic.Framework.dll = 01-Library\Framework\Basic.Framework.dll
		01-Library\Framework\CronExpressionDescriptor.dll = 01-Library\Framework\CronExpressionDescriptor.dll
		01-Library\Framework\DataAnalysis.Script.dll = 01-Library\Framework\DataAnalysis.Script.dll
		01-Library\Framework\EntityFramework.dll = 01-Library\Framework\EntityFramework.dll
		01-Library\Framework\EntityFramework.SqlServer.dll = 01-Library\Framework\EntityFramework.SqlServer.dll
		01-Library\Framework\Interop.Excel.dll = 01-Library\Framework\Interop.Excel.dll
		01-Library\Framework\Interop.Microsoft.Office.Core.dll = 01-Library\Framework\Interop.Microsoft.Office.Core.dll
		01-Library\Framework\Interop.VBIDE.dll = 01-Library\Framework\Interop.VBIDE.dll
		01-Library\Framework\log4net.dll = 01-Library\Framework\log4net.dll
		01-Library\Framework\lua51.dll = 01-Library\Framework\lua51.dll
		01-Library\Framework\LuaInterface.dll = 01-Library\Framework\LuaInterface.dll
		01-Library\Framework\MySql.Data.dll = 01-Library\Framework\MySql.Data.dll
		01-Library\Framework\MySql.Data.Entity.EF6.dll = 01-Library\Framework\MySql.Data.Entity.EF6.dll
		01-Library\Framework\Newtonsoft.Json.dll = 01-Library\Framework\Newtonsoft.Json.dll
		01-Library\Framework\NPOI.dll = 01-Library\Framework\NPOI.dll
		01-Library\Framework\Quartz.dll = 01-Library\Framework\Quartz.dll
		01-Library\Framework\StackExchange.Redis.dll = 01-Library\Framework\StackExchange.Redis.dll
		01-Library\Framework\Sys.DataCollection.Common.dll = 01-Library\Framework\Sys.DataCollection.Common.dll
		01-Library\Framework\System.Data.SQLite.dll = 01-Library\Framework\System.Data.SQLite.dll
		01-Library\Framework\System.Data.SQLite.EF6.dll = 01-Library\Framework\System.Data.SQLite.EF6.dll
		01-Library\Framework\ThoughtWorks.QRCode.dll = 01-Library\Framework\ThoughtWorks.QRCode.dll
	EndProjectSection
EndProject
Project("{2150E333-8FDC-42A3-9474-1A3956D46DE8}") = "05-ServerHost", "05-ServerHost", "{7D16F0C8-B5D0-404D-B1AA-E79C3A719C78}"
EndProject
Project("{FAE04EC0-301F-11D3-BF4B-00C04F79EFBC}") = "Sys.Safety.Server.ConsoleHost", "05-ServerHost\Sys.Safety.Server.ConsoleHost\Sys.Safety.Server.ConsoleHost.csproj", "{BC2F0808-E814-40F3-9B2F-0D4290350EBA}"
EndProject
Project("{FAE04EC0-301F-11D3-BF4B-00C04F79EFBC}") = "Sys.Safety.WebApiAgent", "02-Modules\Sys.Safety.WebApiAgent\Sys.Safety.WebApiAgent.csproj", "{79CB4602-86F9-4A51-B2E6-DF627D960341}"
EndProject
Project("{2150E333-8FDC-42A3-9474-1A3956D46DE8}") = "Sys.Safety.Client", "Sys.Safety.Client", "{2E3DA7A8-2783-48AB-AB28-90D7498EB5E1}"
EndProject
Project("{FAE04EC0-301F-11D3-BF4B-00C04F79EFBC}") = "Sys.Safety.Client.WindowHost", "03-Client\Sys.Safety.Client\Sys.Safety.Client.WindowHost\Sys.Safety.Client.WindowHost.csproj", "{ECD4F8F7-F2D6-401B-A504-0F9E7491E307}"
EndProject
Project("{FAE04EC0-301F-11D3-BF4B-00C04F79EFBC}") = "Sys.Safety.Client.Alarm", "03-Client\Sys.Safety.Client\Sys.Safety.Client.Alarm\Sys.Safety.Client.Alarm.csproj", "{9455BAF4-2232-4D52-A422-5A082B2E8261}"
EndProject
Project("{FAE04EC0-301F-11D3-BF4B-00C04F79EFBC}") = "Sys.Safety.Client.Chart", "03-Client\Sys.Safety.Client\Sys.Safety.Client.Chart\Sys.Safety.Client.Chart.csproj", "{F22AFCFA-155F-44A9-8202-480194DBF0FC}"
EndProject
Project("{FAE04EC0-301F-11D3-BF4B-00C04F79EFBC}") = "Sys.Safety.Client.Control", "03-Client\Sys.Safety.Client\Sys.Safety.Client.Control\Sys.Safety.Client.Control.csproj", "{AD86F8B2-7292-48C5-B951-4579E85ACDA1}"
EndProject
Project("{FAE04EC0-301F-11D3-BF4B-00C04F79EFBC}") = "Sys.Safety.Client.Graphic", "03-Client\Sys.Safety.Client\Sys.Safety.Client.Graphic\Sys.Safety.Client.Graphic.csproj", "{3DA04827-7479-4F84-B8FD-0D0ED8E06EB0}"
EndProject
Project("{FAE04EC0-301F-11D3-BF4B-00C04F79EFBC}") = "Sys.Safety.Client.Define", "03-Client\Sys.Safety.Client\Sys.Safety.Client.Define\Sys.Safety.Client.Define.csproj", "{85DC5FD0-E028-442F-829D-9AE36B3B79ED}"
EndProject
Project("{FAE04EC0-301F-11D3-BF4B-00C04F79EFBC}") = "Sys.Safety.Client.Display", "03-Client\Sys.Safety.Client\Sys.Safety.Client.Display\Sys.Safety.Client.Display.csproj", "{73378B61-2955-4908-9E10-A992141EE07A}"
EndProject
Project("{FAE04EC0-301F-11D3-BF4B-00C04F79EFBC}") = "Sys.Safety.Client.Setting", "03-Client\Sys.Safety.Client\Sys.Safety.Client.Setting\Sys.Safety.Client.Setting.csproj", "{3F8B2BD4-CBAF-4786-978F-6F15F3924E04}"
EndProject
Project("{2150E333-8FDC-42A3-9474-1A3956D46DE8}") = "Sys.Safety.Reports", "Sys.Safety.Reports", "{ABB3D5B0-B0CE-4CE9-B2A3-FDE4627DBF9A}"
EndProject
Project("{2150E333-8FDC-42A3-9474-1A3956D46DE8}") = "Sys.Safety.ClientFramework", "Sys.Safety.ClientFramework", "{E8DE2385-3897-4484-B6F6-51D5030256D1}"
EndProject
Project("{FAE04EC0-301F-11D3-BF4B-00C04F79EFBC}") = "Sys.Safety.Reports", "03-Client\Sys.Safety.Reports\Sys.Safety.Reports\Sys.Safety.Reports.csproj", "{0085D351-DDC5-48C5-A214-1A1AB023AE16}"
EndProject
Project("{FAE04EC0-301F-11D3-BF4B-00C04F79EFBC}") = "Sys.Safety.ClientFramework", "03-Client\Sys.Safety.ClientFramework\Sys.Safety.ClientFramework\Sys.Safety.ClientFramework.csproj", "{5D3AD7D1-BED1-4507-BE4B-FEBCC7170589}"
EndProject
Project("{FAE04EC0-301F-11D3-BF4B-00C04F79EFBC}") = "Sys.Safety.Cache", "02-Modules\Sys.Safety.Cache\Sys.Safety.Cache.csproj", "{43505E0C-55A1-4BF5-A89F-989D19A846DC}"
EndProject
Project("{FAE04EC0-301F-11D3-BF4B-00C04F79EFBC}") = "Sys.Safety.Client.DataAnalysis", "03-Client\Sys.Safety.Client\Sys.Safety.Client.DataAnalysis\Sys.Safety.Client.DataAnalysis.csproj", "{E296DC69-03A5-4A14-8D96-09709658D8A4}"
EndProject
Project("{2150E333-8FDC-42A3-9474-1A3956D46DE8}") = "06-Drivers", "06-Drivers", "{79182664-8D78-4600-BE04-B31CC4243E3E}"
EndProject
Project("{FAE04EC0-301F-11D3-BF4B-00C04F79EFBC}") = "Sys.Safety.Interface", "06-Drivers\Sys.Safety.Interface\Sys.Safety.Interface.csproj", "{B43ED9FA-12AC-43E5-9F7E-EF3A5D043299}"
EndProject
Project("{FAE04EC0-301F-11D3-BF4B-00C04F79EFBC}") = "Sys.Safety.Driver", "06-Drivers\Sys.Safety.Driver\Sys.Safety.Driver.csproj", "{DCDAFCFF-793E-4FD9-9B67-14F51CD342AA}"
EndProject
Project("{2150E333-8FDC-42A3-9474-1A3956D46DE8}") = "Grpc", "Grpc", "{81BCB453-EFDB-4BDA-A6E0-9D0ED191E09B}"
	ProjectSection(SolutionItems) = preProject
		01-Library\Framework\Grpc\Google.Protobuf.dll = 01-Library\Framework\Grpc\Google.Protobuf.dll
		01-Library\Framework\Grpc\Grpc.Core.dll = 01-Library\Framework\Grpc\Grpc.Core.dll
		01-Library\Framework\Grpc\grpc_csharp_ext.x64.dll = 01-Library\Framework\Grpc\grpc_csharp_ext.x64.dll
		01-Library\Framework\Grpc\grpc_csharp_ext.x86.dll = 01-Library\Framework\Grpc\grpc_csharp_ext.x86.dll
		01-Library\Framework\Grpc\System.Interactive.Async.dll = 01-Library\Framework\Grpc\System.Interactive.Async.dll
	EndProjectSection
EndProject
Project("{FAE04EC0-301F-11D3-BF4B-00C04F79EFBC}") = "Sys.Safety.CoreService", "02-Modules\Sys.Safety.CoreService\Sys.Safety.CoreService.csproj", "{9085FA21-0BEE-4A6D-947B-F77384E0EA54}"
EndProject
Project("{2150E333-8FDC-42A3-9474-1A3956D46DE8}") = "Lua", "Lua", "{8757BB40-DC1D-4136-92EE-76A4B3B83E5B}"
	ProjectSection(SolutionItems) = preProject
		01-Library\Framework\Lua\lua51.dll = 01-Library\Framework\Lua\lua51.dll
		01-Library\Framework\Lua\LuaInterface.dll = 01-Library\Framework\Lua\LuaInterface.dll
		01-Library\Framework\Lua\Mas.Framework.LuaScript.dll = 01-Library\Framework\Lua\Mas.Framework.LuaScript.dll
		01-Library\Framework\Lua\Microsoft.VC90.CRT.manifest = 01-Library\Framework\Lua\Microsoft.VC90.CRT.manifest
		01-Library\Framework\Lua\msvcm90.dll = 01-Library\Framework\Lua\msvcm90.dll
		01-Library\Framework\Lua\msvcp90.dll = 01-Library\Framework\Lua\msvcp90.dll
		01-Library\Framework\Lua\msvcr90.dll = 01-Library\Framework\Lua\msvcr90.dll
	EndProjectSection
EndProject
Project("{FAE04EC0-301F-11D3-BF4B-00C04F79EFBC}") = "Sys.Safety.Server.ServiceHost", "05-ServerHost\Sys.Safety.Server.ServiceHost\Sys.Safety.Server.ServiceHost.csproj", "{8624CBA4-3854-4E27-BF6D-731B880312AB}"
EndProject
Project("{2150E333-8FDC-42A3-9474-1A3956D46DE8}") = "Sys.Safety.DataAnalysis", "Sys.Safety.DataAnalysis", "{A6583178-8E38-4779-A37E-9F9DE0DAD28E}"
EndProject
Project("{FAE04EC0-301F-11D3-BF4B-00C04F79EFBC}") = "Sys.Safety.DataAnalysis.ConsoleHost", "03-Client\Sys.Safety.DataAnalysis\Sys.Safety.DataAnalysis\Sys.Safety.DataAnalysis.ConsoleHost.csproj", "{2F4D489C-4DD9-4822-BF1C-76794D629819}"
EndProject
Project("{2150E333-8FDC-42A3-9474-1A3956D46DE8}") = "08-Setup", "08-Setup", "{4C47C48A-213D-4540-B9AC-E06ECC7FCBE6}"
EndProject
Project("{2150E333-8FDC-42A3-9474-1A3956D46DE8}") = "Sys.Safety.Video", "Sys.Safety.Video", "{3B952DB9-652F-4F28-B106-48102E76E58B}"
EndProject
Project("{FAE04EC0-301F-11D3-BF4B-00C04F79EFBC}") = "Sys.Safety.Video", "03-Client\Sys.Safety.Video\Sys.Safety.Video\Sys.Safety.Video.csproj", "{DC492438-FA81-46D6-B7C7-3F697EBE88FF}"
EndProject
Project("{FAE04EC0-301F-11D3-BF4B-00C04F79EFBC}") = "Sys.Safety.Client.Linkage", "03-Client\Sys.Safety.Client\Sys.Safety.Client.Linkage\Sys.Safety.Client.Linkage.csproj", "{3E580A37-CA9B-432E-89ED-570F4DC31C1B}"
EndProject
Project("{2150E333-8FDC-42A3-9474-1A3956D46DE8}") = "MongoDb", "MongoDb", "{28D2C597-924E-45EE-B9FC-43CFC45570DC}"
	ProjectSection(SolutionItems) = preProject
		01-Library\Framework\MongoDb\MongoDB.Bson.dll = 01-Library\Framework\MongoDb\MongoDB.Bson.dll
		01-Library\Framework\MongoDb\MongoDB.Driver.Core.dll = 01-Library\Framework\MongoDb\MongoDB.Driver.Core.dll
		01-Library\Framework\MongoDb\MongoDB.Driver.dll = 01-Library\Framework\MongoDb\MongoDB.Driver.dll
		01-Library\Framework\MongoDb\MongoDB.Driver.Legacy.dll = 01-Library\Framework\MongoDb\MongoDB.Driver.Legacy.dll
		01-Library\Framework\MongoDb\System.Runtime.InteropServices.RuntimeInformation.dll = 01-Library\Framework\MongoDb\System.Runtime.InteropServices.RuntimeInformation.dll
	EndProjectSection
EndProject
Project("{FAE04EC0-301F-11D3-BF4B-00C04F79EFBC}") = "Sys.Safety.Setup", "08-Setup\Sys.Safety.Setup\Sys.Safety.Setup.csproj", "{572CBB62-60EF-480A-BB4D-A463A8023B72}"
EndProject
Project("{FAE04EC0-301F-11D3-BF4B-00C04F79EFBC}") = "Sys.Safety.Uninstall", "08-Setup\Sys.Safety.Uninstall\Sys.Safety.Uninstall.csproj", "{587B1348-5E06-447C-A3D9-8FED0266175A}"
EndProject
Project("{FAE04EC0-301F-11D3-BF4B-00C04F79EFBC}") = "Sys.Safety.DataAnalysis.ServiceHost", "03-Client\Sys.Safety.DataAnalysis\Sys.Safety.DataAnalysisService\Sys.Safety.DataAnalysis.ServiceHost.csproj", "{BEAF8F86-2C49-45B4-9C31-2F13974378F5}"
EndProject
Project("{FAE04EC0-301F-11D3-BF4B-00C04F79EFBC}") = "Sys.Safety.Client.GraphDefine", "03-Client\Sys.Safety.Client\Sys.Safety.Client.GraphDefine\Sys.Safety.Client.GraphDefine.csproj", "{D3AA3033-CF89-4652-98FA-AE78E985A264}"
EndProject
Project("{2150E333-8FDC-42A3-9474-1A3956D46DE8}") = "09-Register", "09-Register", "{15E2D5F4-EFB8-4B5B-B4DB-3F7B997CEE2C}"
EndProject
Project("{FAE04EC0-301F-11D3-BF4B-00C04F79EFBC}") = "SNMaker", "09-register\SNMaker\SNMaker.csproj", "{9634105C-ADB2-4B67-9311-5B12609BE060}"
EndProject
Project("{2150E333-8FDC-42A3-9474-1A3956D46DE8}") = "04-Web", "04-Web", "{8A9173B6-CEC6-47B1-B13A-FD628BBD2AAB}"
EndProject
Project("{FAE04EC0-301F-11D3-BF4B-00C04F79EFBC}") = "Sys.Safety.AppApi", "04-Web\Sys.Safety.AppApi\Sys.Safety.AppApi.csproj", "{7A3F648F-C9AA-4B80-8BE2-50F88194CB03}"
EndProject
Global
	GlobalSection(SubversionScc) = preSolution
		Svn-Managed = True
		Manager = AnkhSVN - Subversion Support for Visual Studio
	EndGlobalSection
	GlobalSection(SolutionConfigurationPlatforms) = preSolution
		Debug|Any CPU = Debug|Any CPU
		Debug|Mixed Platforms = Debug|Mixed Platforms
		Debug|x64 = Debug|x64
		Debug|x86 = Debug|x86
		Release|Any CPU = Release|Any CPU
		Release|Mixed Platforms = Release|Mixed Platforms
		Release|x64 = Release|x64
		Release|x86 = Release|x86
	EndGlobalSection
	GlobalSection(ProjectConfigurationPlatforms) = postSolution
		{8E5D494D-95B5-46AE-9642-92D04410A5F9}.Debug|Any CPU.ActiveCfg = Debug|Any CPU
		{8E5D494D-95B5-46AE-9642-92D04410A5F9}.Debug|Any CPU.Build.0 = Debug|Any CPU
		{8E5D494D-95B5-46AE-9642-92D04410A5F9}.Debug|Mixed Platforms.ActiveCfg = Debug|Any CPU
		{8E5D494D-95B5-46AE-9642-92D04410A5F9}.Debug|Mixed Platforms.Build.0 = Debug|Any CPU
		{8E5D494D-95B5-46AE-9642-92D04410A5F9}.Debug|x64.ActiveCfg = Debug|Any CPU
		{8E5D494D-95B5-46AE-9642-92D04410A5F9}.Debug|x86.ActiveCfg = Debug|Any CPU
		{8E5D494D-95B5-46AE-9642-92D04410A5F9}.Debug|x86.Build.0 = Debug|Any CPU
		{8E5D494D-95B5-46AE-9642-92D04410A5F9}.Release|Any CPU.ActiveCfg = Release|Any CPU
		{8E5D494D-95B5-46AE-9642-92D04410A5F9}.Release|Any CPU.Build.0 = Release|Any CPU
		{8E5D494D-95B5-46AE-9642-92D04410A5F9}.Release|Mixed Platforms.ActiveCfg = Release|Any CPU
		{8E5D494D-95B5-46AE-9642-92D04410A5F9}.Release|Mixed Platforms.Build.0 = Release|Any CPU
		{8E5D494D-95B5-46AE-9642-92D04410A5F9}.Release|x64.ActiveCfg = Release|Any CPU
		{8E5D494D-95B5-46AE-9642-92D04410A5F9}.Release|x86.ActiveCfg = Release|Any CPU
		{8E5D494D-95B5-46AE-9642-92D04410A5F9}.Release|x86.Build.0 = Release|Any CPU
		{28C16C50-43E2-4CDD-AE40-62AB58692434}.Debug|Any CPU.ActiveCfg = Debug|Any CPU
		{28C16C50-43E2-4CDD-AE40-62AB58692434}.Debug|Any CPU.Build.0 = Debug|Any CPU
		{28C16C50-43E2-4CDD-AE40-62AB58692434}.Debug|Mixed Platforms.ActiveCfg = Debug|Any CPU
		{28C16C50-43E2-4CDD-AE40-62AB58692434}.Debug|Mixed Platforms.Build.0 = Debug|Any CPU
		{28C16C50-43E2-4CDD-AE40-62AB58692434}.Debug|x64.ActiveCfg = Debug|Any CPU
		{28C16C50-43E2-4CDD-AE40-62AB58692434}.Debug|x86.ActiveCfg = Debug|Any CPU
		{28C16C50-43E2-4CDD-AE40-62AB58692434}.Debug|x86.Build.0 = Debug|Any CPU
		{28C16C50-43E2-4CDD-AE40-62AB58692434}.Release|Any CPU.ActiveCfg = Release|Any CPU
		{28C16C50-43E2-4CDD-AE40-62AB58692434}.Release|Any CPU.Build.0 = Release|Any CPU
		{28C16C50-43E2-4CDD-AE40-62AB58692434}.Release|Mixed Platforms.ActiveCfg = Release|Any CPU
		{28C16C50-43E2-4CDD-AE40-62AB58692434}.Release|Mixed Platforms.Build.0 = Release|Any CPU
		{28C16C50-43E2-4CDD-AE40-62AB58692434}.Release|x64.ActiveCfg = Release|Any CPU
		{28C16C50-43E2-4CDD-AE40-62AB58692434}.Release|x86.ActiveCfg = Release|Any CPU
		{28C16C50-43E2-4CDD-AE40-62AB58692434}.Release|x86.Build.0 = Release|Any CPU
		{BB6FBB99-66E9-4D1E-B1D1-D585A0151505}.Debug|Any CPU.ActiveCfg = Debug|Any CPU
		{BB6FBB99-66E9-4D1E-B1D1-D585A0151505}.Debug|Any CPU.Build.0 = Debug|Any CPU
		{BB6FBB99-66E9-4D1E-B1D1-D585A0151505}.Debug|Mixed Platforms.ActiveCfg = Debug|Any CPU
		{BB6FBB99-66E9-4D1E-B1D1-D585A0151505}.Debug|Mixed Platforms.Build.0 = Debug|Any CPU
		{BB6FBB99-66E9-4D1E-B1D1-D585A0151505}.Debug|x64.ActiveCfg = Debug|Any CPU
		{BB6FBB99-66E9-4D1E-B1D1-D585A0151505}.Debug|x86.ActiveCfg = Debug|Any CPU
		{BB6FBB99-66E9-4D1E-B1D1-D585A0151505}.Debug|x86.Build.0 = Debug|Any CPU
		{BB6FBB99-66E9-4D1E-B1D1-D585A0151505}.Release|Any CPU.ActiveCfg = Release|Any CPU
		{BB6FBB99-66E9-4D1E-B1D1-D585A0151505}.Release|Any CPU.Build.0 = Release|Any CPU
		{BB6FBB99-66E9-4D1E-B1D1-D585A0151505}.Release|Mixed Platforms.ActiveCfg = Release|Any CPU
		{BB6FBB99-66E9-4D1E-B1D1-D585A0151505}.Release|Mixed Platforms.Build.0 = Release|Any CPU
		{BB6FBB99-66E9-4D1E-B1D1-D585A0151505}.Release|x64.ActiveCfg = Release|Any CPU
		{BB6FBB99-66E9-4D1E-B1D1-D585A0151505}.Release|x86.ActiveCfg = Release|Any CPU
		{BB6FBB99-66E9-4D1E-B1D1-D585A0151505}.Release|x86.Build.0 = Release|Any CPU
		{3B9FF2E1-F240-4BB3-A116-5976892A2301}.Debug|Any CPU.ActiveCfg = Debug|Any CPU
		{3B9FF2E1-F240-4BB3-A116-5976892A2301}.Debug|Any CPU.Build.0 = Debug|Any CPU
		{3B9FF2E1-F240-4BB3-A116-5976892A2301}.Debug|Mixed Platforms.ActiveCfg = Debug|Any CPU
		{3B9FF2E1-F240-4BB3-A116-5976892A2301}.Debug|Mixed Platforms.Build.0 = Debug|Any CPU
		{3B9FF2E1-F240-4BB3-A116-5976892A2301}.Debug|x64.ActiveCfg = Debug|Any CPU
		{3B9FF2E1-F240-4BB3-A116-5976892A2301}.Debug|x86.ActiveCfg = Debug|Any CPU
		{3B9FF2E1-F240-4BB3-A116-5976892A2301}.Debug|x86.Build.0 = Debug|Any CPU
		{3B9FF2E1-F240-4BB3-A116-5976892A2301}.Release|Any CPU.ActiveCfg = Release|Any CPU
		{3B9FF2E1-F240-4BB3-A116-5976892A2301}.Release|Any CPU.Build.0 = Release|Any CPU
		{3B9FF2E1-F240-4BB3-A116-5976892A2301}.Release|Mixed Platforms.ActiveCfg = Release|Any CPU
		{3B9FF2E1-F240-4BB3-A116-5976892A2301}.Release|Mixed Platforms.Build.0 = Release|Any CPU
		{3B9FF2E1-F240-4BB3-A116-5976892A2301}.Release|x64.ActiveCfg = Release|Any CPU
		{3B9FF2E1-F240-4BB3-A116-5976892A2301}.Release|x86.ActiveCfg = Release|Any CPU
		{3B9FF2E1-F240-4BB3-A116-5976892A2301}.Release|x86.Build.0 = Release|Any CPU
		{A46E653E-A3B8-4D4C-9110-A97FD747C31F}.Debug|Any CPU.ActiveCfg = Debug|Any CPU
		{A46E653E-A3B8-4D4C-9110-A97FD747C31F}.Debug|Any CPU.Build.0 = Debug|Any CPU
		{A46E653E-A3B8-4D4C-9110-A97FD747C31F}.Debug|Mixed Platforms.ActiveCfg = Debug|Any CPU
		{A46E653E-A3B8-4D4C-9110-A97FD747C31F}.Debug|Mixed Platforms.Build.0 = Debug|Any CPU
		{A46E653E-A3B8-4D4C-9110-A97FD747C31F}.Debug|x64.ActiveCfg = Debug|Any CPU
		{A46E653E-A3B8-4D4C-9110-A97FD747C31F}.Debug|x86.ActiveCfg = Debug|Any CPU
		{A46E653E-A3B8-4D4C-9110-A97FD747C31F}.Debug|x86.Build.0 = Debug|Any CPU
		{A46E653E-A3B8-4D4C-9110-A97FD747C31F}.Release|Any CPU.ActiveCfg = Release|Any CPU
		{A46E653E-A3B8-4D4C-9110-A97FD747C31F}.Release|Any CPU.Build.0 = Release|Any CPU
		{A46E653E-A3B8-4D4C-9110-A97FD747C31F}.Release|Mixed Platforms.ActiveCfg = Release|Any CPU
		{A46E653E-A3B8-4D4C-9110-A97FD747C31F}.Release|Mixed Platforms.Build.0 = Release|Any CPU
		{A46E653E-A3B8-4D4C-9110-A97FD747C31F}.Release|x64.ActiveCfg = Release|Any CPU
		{A46E653E-A3B8-4D4C-9110-A97FD747C31F}.Release|x86.ActiveCfg = Release|Any CPU
		{A46E653E-A3B8-4D4C-9110-A97FD747C31F}.Release|x86.Build.0 = Release|Any CPU
		{E7FA650F-88C2-4417-A349-CF9E0CBEF6FF}.Debug|Any CPU.ActiveCfg = Debug|Any CPU
		{E7FA650F-88C2-4417-A349-CF9E0CBEF6FF}.Debug|Any CPU.Build.0 = Debug|Any CPU
		{E7FA650F-88C2-4417-A349-CF9E0CBEF6FF}.Debug|Mixed Platforms.ActiveCfg = Debug|Any CPU
		{E7FA650F-88C2-4417-A349-CF9E0CBEF6FF}.Debug|Mixed Platforms.Build.0 = Debug|Any CPU
		{E7FA650F-88C2-4417-A349-CF9E0CBEF6FF}.Debug|x64.ActiveCfg = Debug|Any CPU
		{E7FA650F-88C2-4417-A349-CF9E0CBEF6FF}.Debug|x86.ActiveCfg = Debug|Any CPU
		{E7FA650F-88C2-4417-A349-CF9E0CBEF6FF}.Debug|x86.Build.0 = Debug|Any CPU
		{E7FA650F-88C2-4417-A349-CF9E0CBEF6FF}.Release|Any CPU.ActiveCfg = Release|Any CPU
		{E7FA650F-88C2-4417-A349-CF9E0CBEF6FF}.Release|Any CPU.Build.0 = Release|Any CPU
		{E7FA650F-88C2-4417-A349-CF9E0CBEF6FF}.Release|Mixed Platforms.ActiveCfg = Release|Any CPU
		{E7FA650F-88C2-4417-A349-CF9E0CBEF6FF}.Release|Mixed Platforms.Build.0 = Release|Any CPU
		{E7FA650F-88C2-4417-A349-CF9E0CBEF6FF}.Release|x64.ActiveCfg = Release|Any CPU
		{E7FA650F-88C2-4417-A349-CF9E0CBEF6FF}.Release|x86.ActiveCfg = Release|Any CPU
		{E7FA650F-88C2-4417-A349-CF9E0CBEF6FF}.Release|x86.Build.0 = Release|Any CPU
		{59D5703E-EA5E-4836-B557-1B99E80754E4}.Debug|Any CPU.ActiveCfg = Debug|Any CPU
		{59D5703E-EA5E-4836-B557-1B99E80754E4}.Debug|Any CPU.Build.0 = Debug|Any CPU
		{59D5703E-EA5E-4836-B557-1B99E80754E4}.Debug|Mixed Platforms.ActiveCfg = Debug|Any CPU
		{59D5703E-EA5E-4836-B557-1B99E80754E4}.Debug|Mixed Platforms.Build.0 = Debug|Any CPU
		{59D5703E-EA5E-4836-B557-1B99E80754E4}.Debug|x64.ActiveCfg = Debug|Any CPU
		{59D5703E-EA5E-4836-B557-1B99E80754E4}.Debug|x86.ActiveCfg = Debug|Any CPU
		{59D5703E-EA5E-4836-B557-1B99E80754E4}.Debug|x86.Build.0 = Debug|Any CPU
		{59D5703E-EA5E-4836-B557-1B99E80754E4}.Release|Any CPU.ActiveCfg = Release|Any CPU
		{59D5703E-EA5E-4836-B557-1B99E80754E4}.Release|Any CPU.Build.0 = Release|Any CPU
		{59D5703E-EA5E-4836-B557-1B99E80754E4}.Release|Mixed Platforms.ActiveCfg = Release|Any CPU
		{59D5703E-EA5E-4836-B557-1B99E80754E4}.Release|Mixed Platforms.Build.0 = Release|Any CPU
		{59D5703E-EA5E-4836-B557-1B99E80754E4}.Release|x64.ActiveCfg = Release|Any CPU
		{59D5703E-EA5E-4836-B557-1B99E80754E4}.Release|x86.ActiveCfg = Release|Any CPU
		{59D5703E-EA5E-4836-B557-1B99E80754E4}.Release|x86.Build.0 = Release|Any CPU
		{F723137B-DC93-4E92-B3A3-C02281B46E0F}.Debug|Any CPU.ActiveCfg = Debug|Any CPU
		{F723137B-DC93-4E92-B3A3-C02281B46E0F}.Debug|Any CPU.Build.0 = Debug|Any CPU
		{F723137B-DC93-4E92-B3A3-C02281B46E0F}.Debug|Mixed Platforms.ActiveCfg = Debug|Any CPU
		{F723137B-DC93-4E92-B3A3-C02281B46E0F}.Debug|Mixed Platforms.Build.0 = Debug|Any CPU
		{F723137B-DC93-4E92-B3A3-C02281B46E0F}.Debug|x64.ActiveCfg = Debug|Any CPU
		{F723137B-DC93-4E92-B3A3-C02281B46E0F}.Debug|x86.ActiveCfg = Debug|Any CPU
		{F723137B-DC93-4E92-B3A3-C02281B46E0F}.Debug|x86.Build.0 = Debug|Any CPU
		{F723137B-DC93-4E92-B3A3-C02281B46E0F}.Release|Any CPU.ActiveCfg = Release|Any CPU
		{F723137B-DC93-4E92-B3A3-C02281B46E0F}.Release|Any CPU.Build.0 = Release|Any CPU
		{F723137B-DC93-4E92-B3A3-C02281B46E0F}.Release|Mixed Platforms.ActiveCfg = Release|Any CPU
		{F723137B-DC93-4E92-B3A3-C02281B46E0F}.Release|Mixed Platforms.Build.0 = Release|Any CPU
		{F723137B-DC93-4E92-B3A3-C02281B46E0F}.Release|x64.ActiveCfg = Release|Any CPU
		{F723137B-DC93-4E92-B3A3-C02281B46E0F}.Release|x86.ActiveCfg = Release|Any CPU
		{F723137B-DC93-4E92-B3A3-C02281B46E0F}.Release|x86.Build.0 = Release|Any CPU
		{C17815BF-001E-4872-A45E-0E6E48A59F0F}.Debug|Any CPU.ActiveCfg = Debug|Any CPU
		{C17815BF-001E-4872-A45E-0E6E48A59F0F}.Debug|Any CPU.Build.0 = Debug|Any CPU
		{C17815BF-001E-4872-A45E-0E6E48A59F0F}.Debug|Mixed Platforms.ActiveCfg = Debug|Any CPU
		{C17815BF-001E-4872-A45E-0E6E48A59F0F}.Debug|Mixed Platforms.Build.0 = Debug|Any CPU
		{C17815BF-001E-4872-A45E-0E6E48A59F0F}.Debug|x64.ActiveCfg = Debug|Any CPU
		{C17815BF-001E-4872-A45E-0E6E48A59F0F}.Debug|x86.ActiveCfg = Debug|Any CPU
		{C17815BF-001E-4872-A45E-0E6E48A59F0F}.Debug|x86.Build.0 = Debug|Any CPU
		{C17815BF-001E-4872-A45E-0E6E48A59F0F}.Release|Any CPU.ActiveCfg = Release|Any CPU
		{C17815BF-001E-4872-A45E-0E6E48A59F0F}.Release|Any CPU.Build.0 = Release|Any CPU
		{C17815BF-001E-4872-A45E-0E6E48A59F0F}.Release|Mixed Platforms.ActiveCfg = Release|Any CPU
		{C17815BF-001E-4872-A45E-0E6E48A59F0F}.Release|Mixed Platforms.Build.0 = Release|Any CPU
		{C17815BF-001E-4872-A45E-0E6E48A59F0F}.Release|x64.ActiveCfg = Release|Any CPU
		{C17815BF-001E-4872-A45E-0E6E48A59F0F}.Release|x86.ActiveCfg = Release|Any CPU
		{C17815BF-001E-4872-A45E-0E6E48A59F0F}.Release|x86.Build.0 = Release|Any CPU
		{FDEE6F92-8D6D-4627-808E-D6B83BF55DEF}.Debug|Any CPU.ActiveCfg = Debug|Any CPU
		{FDEE6F92-8D6D-4627-808E-D6B83BF55DEF}.Debug|Any CPU.Build.0 = Debug|Any CPU
		{FDEE6F92-8D6D-4627-808E-D6B83BF55DEF}.Debug|Mixed Platforms.ActiveCfg = Debug|Any CPU
		{FDEE6F92-8D6D-4627-808E-D6B83BF55DEF}.Debug|Mixed Platforms.Build.0 = Debug|Any CPU
		{FDEE6F92-8D6D-4627-808E-D6B83BF55DEF}.Debug|x64.ActiveCfg = Debug|Any CPU
		{FDEE6F92-8D6D-4627-808E-D6B83BF55DEF}.Debug|x86.ActiveCfg = Debug|Any CPU
		{FDEE6F92-8D6D-4627-808E-D6B83BF55DEF}.Debug|x86.Build.0 = Debug|Any CPU
		{FDEE6F92-8D6D-4627-808E-D6B83BF55DEF}.Release|Any CPU.ActiveCfg = Release|Any CPU
		{FDEE6F92-8D6D-4627-808E-D6B83BF55DEF}.Release|Any CPU.Build.0 = Release|Any CPU
		{FDEE6F92-8D6D-4627-808E-D6B83BF55DEF}.Release|Mixed Platforms.ActiveCfg = Release|Any CPU
		{FDEE6F92-8D6D-4627-808E-D6B83BF55DEF}.Release|Mixed Platforms.Build.0 = Release|Any CPU
		{FDEE6F92-8D6D-4627-808E-D6B83BF55DEF}.Release|x64.ActiveCfg = Release|Any CPU
		{FDEE6F92-8D6D-4627-808E-D6B83BF55DEF}.Release|x86.ActiveCfg = Release|Any CPU
		{FDEE6F92-8D6D-4627-808E-D6B83BF55DEF}.Release|x86.Build.0 = Release|Any CPU
		{FDC68BD2-0361-49D4-8D65-BD766C0EC872}.Debug|Any CPU.ActiveCfg = Debug|Any CPU
		{FDC68BD2-0361-49D4-8D65-BD766C0EC872}.Debug|Any CPU.Build.0 = Debug|Any CPU
		{FDC68BD2-0361-49D4-8D65-BD766C0EC872}.Debug|Mixed Platforms.ActiveCfg = Debug|Any CPU
		{FDC68BD2-0361-49D4-8D65-BD766C0EC872}.Debug|Mixed Platforms.Build.0 = Debug|Any CPU
		{FDC68BD2-0361-49D4-8D65-BD766C0EC872}.Debug|x64.ActiveCfg = Debug|Any CPU
		{FDC68BD2-0361-49D4-8D65-BD766C0EC872}.Debug|x86.ActiveCfg = Debug|Any CPU
		{FDC68BD2-0361-49D4-8D65-BD766C0EC872}.Debug|x86.Build.0 = Debug|Any CPU
		{FDC68BD2-0361-49D4-8D65-BD766C0EC872}.Release|Any CPU.ActiveCfg = Release|Any CPU
		{FDC68BD2-0361-49D4-8D65-BD766C0EC872}.Release|Any CPU.Build.0 = Release|Any CPU
		{FDC68BD2-0361-49D4-8D65-BD766C0EC872}.Release|Mixed Platforms.ActiveCfg = Release|Any CPU
		{FDC68BD2-0361-49D4-8D65-BD766C0EC872}.Release|Mixed Platforms.Build.0 = Release|Any CPU
		{FDC68BD2-0361-49D4-8D65-BD766C0EC872}.Release|x64.ActiveCfg = Release|Any CPU
		{FDC68BD2-0361-49D4-8D65-BD766C0EC872}.Release|x86.ActiveCfg = Release|Any CPU
		{FDC68BD2-0361-49D4-8D65-BD766C0EC872}.Release|x86.Build.0 = Release|Any CPU
		{BC2F0808-E814-40F3-9B2F-0D4290350EBA}.Debug|Any CPU.ActiveCfg = Debug|Any CPU
		{BC2F0808-E814-40F3-9B2F-0D4290350EBA}.Debug|Any CPU.Build.0 = Debug|Any CPU
		{BC2F0808-E814-40F3-9B2F-0D4290350EBA}.Debug|Mixed Platforms.ActiveCfg = Debug|Any CPU
		{BC2F0808-E814-40F3-9B2F-0D4290350EBA}.Debug|Mixed Platforms.Build.0 = Debug|Any CPU
		{BC2F0808-E814-40F3-9B2F-0D4290350EBA}.Debug|x64.ActiveCfg = Debug|Any CPU
		{BC2F0808-E814-40F3-9B2F-0D4290350EBA}.Debug|x86.ActiveCfg = Debug|Any CPU
		{BC2F0808-E814-40F3-9B2F-0D4290350EBA}.Debug|x86.Build.0 = Debug|Any CPU
		{BC2F0808-E814-40F3-9B2F-0D4290350EBA}.Release|Any CPU.ActiveCfg = Release|Any CPU
		{BC2F0808-E814-40F3-9B2F-0D4290350EBA}.Release|Any CPU.Build.0 = Release|Any CPU
		{BC2F0808-E814-40F3-9B2F-0D4290350EBA}.Release|Mixed Platforms.ActiveCfg = Release|Any CPU
		{BC2F0808-E814-40F3-9B2F-0D4290350EBA}.Release|Mixed Platforms.Build.0 = Release|Any CPU
		{BC2F0808-E814-40F3-9B2F-0D4290350EBA}.Release|x64.ActiveCfg = Release|Any CPU
		{BC2F0808-E814-40F3-9B2F-0D4290350EBA}.Release|x86.ActiveCfg = Release|Any CPU
		{BC2F0808-E814-40F3-9B2F-0D4290350EBA}.Release|x86.Build.0 = Release|Any CPU
		{79CB4602-86F9-4A51-B2E6-DF627D960341}.Debug|Any CPU.ActiveCfg = Debug|Any CPU
		{79CB4602-86F9-4A51-B2E6-DF627D960341}.Debug|Any CPU.Build.0 = Debug|Any CPU
		{79CB4602-86F9-4A51-B2E6-DF627D960341}.Debug|Mixed Platforms.ActiveCfg = Debug|Any CPU
		{79CB4602-86F9-4A51-B2E6-DF627D960341}.Debug|Mixed Platforms.Build.0 = Debug|Any CPU
		{79CB4602-86F9-4A51-B2E6-DF627D960341}.Debug|x64.ActiveCfg = Debug|Any CPU
		{79CB4602-86F9-4A51-B2E6-DF627D960341}.Debug|x86.ActiveCfg = Debug|Any CPU
		{79CB4602-86F9-4A51-B2E6-DF627D960341}.Debug|x86.Build.0 = Debug|Any CPU
		{79CB4602-86F9-4A51-B2E6-DF627D960341}.Release|Any CPU.ActiveCfg = Release|Any CPU
		{79CB4602-86F9-4A51-B2E6-DF627D960341}.Release|Any CPU.Build.0 = Release|Any CPU
		{79CB4602-86F9-4A51-B2E6-DF627D960341}.Release|Mixed Platforms.ActiveCfg = Release|Any CPU
		{79CB4602-86F9-4A51-B2E6-DF627D960341}.Release|Mixed Platforms.Build.0 = Release|Any CPU
		{79CB4602-86F9-4A51-B2E6-DF627D960341}.Release|x64.ActiveCfg = Release|Any CPU
		{79CB4602-86F9-4A51-B2E6-DF627D960341}.Release|x86.ActiveCfg = Release|Any CPU
		{79CB4602-86F9-4A51-B2E6-DF627D960341}.Release|x86.Build.0 = Release|Any CPU
		{ECD4F8F7-F2D6-401B-A504-0F9E7491E307}.Debug|Any CPU.ActiveCfg = Debug|x86
		{ECD4F8F7-F2D6-401B-A504-0F9E7491E307}.Debug|Any CPU.Build.0 = Debug|x86
		{ECD4F8F7-F2D6-401B-A504-0F9E7491E307}.Debug|Mixed Platforms.ActiveCfg = Debug|x86
		{ECD4F8F7-F2D6-401B-A504-0F9E7491E307}.Debug|Mixed Platforms.Build.0 = Debug|x86
		{ECD4F8F7-F2D6-401B-A504-0F9E7491E307}.Debug|x64.ActiveCfg = Debug|x86
		{ECD4F8F7-F2D6-401B-A504-0F9E7491E307}.Debug|x86.ActiveCfg = Debug|x86
		{ECD4F8F7-F2D6-401B-A504-0F9E7491E307}.Debug|x86.Build.0 = Debug|x86
		{ECD4F8F7-F2D6-401B-A504-0F9E7491E307}.Release|Any CPU.ActiveCfg = Release|x86
		{ECD4F8F7-F2D6-401B-A504-0F9E7491E307}.Release|Mixed Platforms.ActiveCfg = Release|x86
		{ECD4F8F7-F2D6-401B-A504-0F9E7491E307}.Release|Mixed Platforms.Build.0 = Release|x86
		{ECD4F8F7-F2D6-401B-A504-0F9E7491E307}.Release|x64.ActiveCfg = Release|x86
		{ECD4F8F7-F2D6-401B-A504-0F9E7491E307}.Release|x86.ActiveCfg = Release|x86
		{ECD4F8F7-F2D6-401B-A504-0F9E7491E307}.Release|x86.Build.0 = Release|x86
		{9455BAF4-2232-4D52-A422-5A082B2E8261}.Debug|Any CPU.ActiveCfg = Debug|Any CPU
		{9455BAF4-2232-4D52-A422-5A082B2E8261}.Debug|Any CPU.Build.0 = Debug|Any CPU
		{9455BAF4-2232-4D52-A422-5A082B2E8261}.Debug|Mixed Platforms.ActiveCfg = Debug|Any CPU
		{9455BAF4-2232-4D52-A422-5A082B2E8261}.Debug|Mixed Platforms.Build.0 = Debug|Any CPU
		{9455BAF4-2232-4D52-A422-5A082B2E8261}.Debug|x64.ActiveCfg = Debug|Any CPU
		{9455BAF4-2232-4D52-A422-5A082B2E8261}.Debug|x86.ActiveCfg = Debug|Any CPU
		{9455BAF4-2232-4D52-A422-5A082B2E8261}.Debug|x86.Build.0 = Debug|Any CPU
		{9455BAF4-2232-4D52-A422-5A082B2E8261}.Release|Any CPU.ActiveCfg = Release|Any CPU
		{9455BAF4-2232-4D52-A422-5A082B2E8261}.Release|Any CPU.Build.0 = Release|Any CPU
		{9455BAF4-2232-4D52-A422-5A082B2E8261}.Release|Mixed Platforms.ActiveCfg = Release|Any CPU
		{9455BAF4-2232-4D52-A422-5A082B2E8261}.Release|Mixed Platforms.Build.0 = Release|Any CPU
		{9455BAF4-2232-4D52-A422-5A082B2E8261}.Release|x64.ActiveCfg = Release|Any CPU
		{9455BAF4-2232-4D52-A422-5A082B2E8261}.Release|x86.ActiveCfg = Release|Any CPU
		{9455BAF4-2232-4D52-A422-5A082B2E8261}.Release|x86.Build.0 = Release|Any CPU
		{F22AFCFA-155F-44A9-8202-480194DBF0FC}.Debug|Any CPU.ActiveCfg = Debug|Any CPU
		{F22AFCFA-155F-44A9-8202-480194DBF0FC}.Debug|Any CPU.Build.0 = Debug|Any CPU
		{F22AFCFA-155F-44A9-8202-480194DBF0FC}.Debug|Mixed Platforms.ActiveCfg = Debug|Any CPU
		{F22AFCFA-155F-44A9-8202-480194DBF0FC}.Debug|Mixed Platforms.Build.0 = Debug|Any CPU
		{F22AFCFA-155F-44A9-8202-480194DBF0FC}.Debug|x64.ActiveCfg = Debug|Any CPU
		{F22AFCFA-155F-44A9-8202-480194DBF0FC}.Debug|x86.ActiveCfg = Debug|Any CPU
		{F22AFCFA-155F-44A9-8202-480194DBF0FC}.Debug|x86.Build.0 = Debug|Any CPU
		{F22AFCFA-155F-44A9-8202-480194DBF0FC}.Release|Any CPU.ActiveCfg = Release|Any CPU
		{F22AFCFA-155F-44A9-8202-480194DBF0FC}.Release|Any CPU.Build.0 = Release|Any CPU
		{F22AFCFA-155F-44A9-8202-480194DBF0FC}.Release|Mixed Platforms.ActiveCfg = Release|Any CPU
		{F22AFCFA-155F-44A9-8202-480194DBF0FC}.Release|Mixed Platforms.Build.0 = Release|Any CPU
		{F22AFCFA-155F-44A9-8202-480194DBF0FC}.Release|x64.ActiveCfg = Release|Any CPU
		{F22AFCFA-155F-44A9-8202-480194DBF0FC}.Release|x86.ActiveCfg = Release|Any CPU
		{F22AFCFA-155F-44A9-8202-480194DBF0FC}.Release|x86.Build.0 = Release|Any CPU
		{AD86F8B2-7292-48C5-B951-4579E85ACDA1}.Debug|Any CPU.ActiveCfg = Debug|x86
		{AD86F8B2-7292-48C5-B951-4579E85ACDA1}.Debug|Any CPU.Build.0 = Debug|x86
		{AD86F8B2-7292-48C5-B951-4579E85ACDA1}.Debug|Mixed Platforms.ActiveCfg = Debug|x86
		{AD86F8B2-7292-48C5-B951-4579E85ACDA1}.Debug|Mixed Platforms.Build.0 = Debug|x86
		{AD86F8B2-7292-48C5-B951-4579E85ACDA1}.Debug|x64.ActiveCfg = Debug|x86
		{AD86F8B2-7292-48C5-B951-4579E85ACDA1}.Debug|x86.ActiveCfg = Debug|x86
		{AD86F8B2-7292-48C5-B951-4579E85ACDA1}.Debug|x86.Build.0 = Debug|x86
		{AD86F8B2-7292-48C5-B951-4579E85ACDA1}.Release|Any CPU.ActiveCfg = Release|x86
		{AD86F8B2-7292-48C5-B951-4579E85ACDA1}.Release|Mixed Platforms.ActiveCfg = Release|x86
		{AD86F8B2-7292-48C5-B951-4579E85ACDA1}.Release|Mixed Platforms.Build.0 = Release|x86
		{AD86F8B2-7292-48C5-B951-4579E85ACDA1}.Release|x64.ActiveCfg = Release|x86
		{AD86F8B2-7292-48C5-B951-4579E85ACDA1}.Release|x86.ActiveCfg = Release|x86
		{AD86F8B2-7292-48C5-B951-4579E85ACDA1}.Release|x86.Build.0 = Release|x86
		{3DA04827-7479-4F84-B8FD-0D0ED8E06EB0}.Debug|Any CPU.ActiveCfg = Debug|Any CPU
		{3DA04827-7479-4F84-B8FD-0D0ED8E06EB0}.Debug|Any CPU.Build.0 = Debug|Any CPU
		{3DA04827-7479-4F84-B8FD-0D0ED8E06EB0}.Debug|Mixed Platforms.ActiveCfg = Debug|Any CPU
		{3DA04827-7479-4F84-B8FD-0D0ED8E06EB0}.Debug|Mixed Platforms.Build.0 = Debug|Any CPU
		{3DA04827-7479-4F84-B8FD-0D0ED8E06EB0}.Debug|x64.ActiveCfg = Debug|Any CPU
		{3DA04827-7479-4F84-B8FD-0D0ED8E06EB0}.Debug|x86.ActiveCfg = Debug|Any CPU
		{3DA04827-7479-4F84-B8FD-0D0ED8E06EB0}.Debug|x86.Build.0 = Debug|Any CPU
		{3DA04827-7479-4F84-B8FD-0D0ED8E06EB0}.Release|Any CPU.ActiveCfg = Release|Any CPU
		{3DA04827-7479-4F84-B8FD-0D0ED8E06EB0}.Release|Any CPU.Build.0 = Release|Any CPU
		{3DA04827-7479-4F84-B8FD-0D0ED8E06EB0}.Release|Mixed Platforms.ActiveCfg = Release|Any CPU
		{3DA04827-7479-4F84-B8FD-0D0ED8E06EB0}.Release|Mixed Platforms.Build.0 = Release|Any CPU
		{3DA04827-7479-4F84-B8FD-0D0ED8E06EB0}.Release|x64.ActiveCfg = Release|Any CPU
		{3DA04827-7479-4F84-B8FD-0D0ED8E06EB0}.Release|x86.ActiveCfg = Release|Any CPU
		{3DA04827-7479-4F84-B8FD-0D0ED8E06EB0}.Release|x86.Build.0 = Release|Any CPU
		{85DC5FD0-E028-442F-829D-9AE36B3B79ED}.Debug|Any CPU.ActiveCfg = Debug|Any CPU
		{85DC5FD0-E028-442F-829D-9AE36B3B79ED}.Debug|Any CPU.Build.0 = Debug|Any CPU
		{85DC5FD0-E028-442F-829D-9AE36B3B79ED}.Debug|Mixed Platforms.ActiveCfg = Debug|x86
		{85DC5FD0-E028-442F-829D-9AE36B3B79ED}.Debug|Mixed Platforms.Build.0 = Debug|x86
		{85DC5FD0-E028-442F-829D-9AE36B3B79ED}.Debug|x64.ActiveCfg = Debug|Any CPU
		{85DC5FD0-E028-442F-829D-9AE36B3B79ED}.Debug|x86.ActiveCfg = Debug|x86
		{85DC5FD0-E028-442F-829D-9AE36B3B79ED}.Debug|x86.Build.0 = Debug|x86
		{85DC5FD0-E028-442F-829D-9AE36B3B79ED}.Release|Any CPU.ActiveCfg = Release|Any CPU
		{85DC5FD0-E028-442F-829D-9AE36B3B79ED}.Release|Any CPU.Build.0 = Release|Any CPU
		{85DC5FD0-E028-442F-829D-9AE36B3B79ED}.Release|Mixed Platforms.ActiveCfg = Release|x86
		{85DC5FD0-E028-442F-829D-9AE36B3B79ED}.Release|Mixed Platforms.Build.0 = Release|x86
		{85DC5FD0-E028-442F-829D-9AE36B3B79ED}.Release|x64.ActiveCfg = Release|Any CPU
		{85DC5FD0-E028-442F-829D-9AE36B3B79ED}.Release|x86.ActiveCfg = Release|x86
		{85DC5FD0-E028-442F-829D-9AE36B3B79ED}.Release|x86.Build.0 = Release|x86
		{73378B61-2955-4908-9E10-A992141EE07A}.Debug|Any CPU.ActiveCfg = Debug|Any CPU
		{73378B61-2955-4908-9E10-A992141EE07A}.Debug|Any CPU.Build.0 = Debug|Any CPU
		{73378B61-2955-4908-9E10-A992141EE07A}.Debug|Mixed Platforms.ActiveCfg = Debug|Any CPU
		{73378B61-2955-4908-9E10-A992141EE07A}.Debug|Mixed Platforms.Build.0 = Debug|Any CPU
		{73378B61-2955-4908-9E10-A992141EE07A}.Debug|x64.ActiveCfg = Debug|Any CPU
		{73378B61-2955-4908-9E10-A992141EE07A}.Debug|x86.ActiveCfg = Debug|Any CPU
		{73378B61-2955-4908-9E10-A992141EE07A}.Debug|x86.Build.0 = Debug|Any CPU
		{73378B61-2955-4908-9E10-A992141EE07A}.Release|Any CPU.ActiveCfg = Release|Any CPU
		{73378B61-2955-4908-9E10-A992141EE07A}.Release|Any CPU.Build.0 = Release|Any CPU
		{73378B61-2955-4908-9E10-A992141EE07A}.Release|Mixed Platforms.ActiveCfg = Release|Any CPU
		{73378B61-2955-4908-9E10-A992141EE07A}.Release|Mixed Platforms.Build.0 = Release|Any CPU
		{73378B61-2955-4908-9E10-A992141EE07A}.Release|x64.ActiveCfg = Release|Any CPU
		{73378B61-2955-4908-9E10-A992141EE07A}.Release|x86.ActiveCfg = Release|Any CPU
		{73378B61-2955-4908-9E10-A992141EE07A}.Release|x86.Build.0 = Release|Any CPU
		{3F8B2BD4-CBAF-4786-978F-6F15F3924E04}.Debug|Any CPU.ActiveCfg = Debug|x86
		{3F8B2BD4-CBAF-4786-978F-6F15F3924E04}.Debug|Any CPU.Build.0 = Debug|x86
		{3F8B2BD4-CBAF-4786-978F-6F15F3924E04}.Debug|Mixed Platforms.ActiveCfg = Debug|x86
		{3F8B2BD4-CBAF-4786-978F-6F15F3924E04}.Debug|Mixed Platforms.Build.0 = Debug|x86
		{3F8B2BD4-CBAF-4786-978F-6F15F3924E04}.Debug|x64.ActiveCfg = Debug|x86
		{3F8B2BD4-CBAF-4786-978F-6F15F3924E04}.Debug|x86.ActiveCfg = Debug|x86
		{3F8B2BD4-CBAF-4786-978F-6F15F3924E04}.Debug|x86.Build.0 = Debug|x86
		{3F8B2BD4-CBAF-4786-978F-6F15F3924E04}.Release|Any CPU.ActiveCfg = Release|x86
		{3F8B2BD4-CBAF-4786-978F-6F15F3924E04}.Release|Mixed Platforms.ActiveCfg = Release|x86
		{3F8B2BD4-CBAF-4786-978F-6F15F3924E04}.Release|Mixed Platforms.Build.0 = Release|x86
		{3F8B2BD4-CBAF-4786-978F-6F15F3924E04}.Release|x64.ActiveCfg = Release|x86
		{3F8B2BD4-CBAF-4786-978F-6F15F3924E04}.Release|x86.ActiveCfg = Release|x86
		{3F8B2BD4-CBAF-4786-978F-6F15F3924E04}.Release|x86.Build.0 = Release|x86
		{0085D351-DDC5-48C5-A214-1A1AB023AE16}.Debug|Any CPU.ActiveCfg = Debug|x86
		{0085D351-DDC5-48C5-A214-1A1AB023AE16}.Debug|Any CPU.Build.0 = Debug|x86
		{0085D351-DDC5-48C5-A214-1A1AB023AE16}.Debug|Mixed Platforms.ActiveCfg = Debug|x86
		{0085D351-DDC5-48C5-A214-1A1AB023AE16}.Debug|Mixed Platforms.Build.0 = Debug|x86
		{0085D351-DDC5-48C5-A214-1A1AB023AE16}.Debug|x64.ActiveCfg = Debug|x86
		{0085D351-DDC5-48C5-A214-1A1AB023AE16}.Debug|x86.ActiveCfg = Debug|x86
		{0085D351-DDC5-48C5-A214-1A1AB023AE16}.Debug|x86.Build.0 = Debug|x86
		{0085D351-DDC5-48C5-A214-1A1AB023AE16}.Release|Any CPU.ActiveCfg = Release|x86
		{0085D351-DDC5-48C5-A214-1A1AB023AE16}.Release|Mixed Platforms.ActiveCfg = Release|x86
		{0085D351-DDC5-48C5-A214-1A1AB023AE16}.Release|Mixed Platforms.Build.0 = Release|x86
		{0085D351-DDC5-48C5-A214-1A1AB023AE16}.Release|x64.ActiveCfg = Release|x86
		{0085D351-DDC5-48C5-A214-1A1AB023AE16}.Release|x86.ActiveCfg = Release|x86
		{0085D351-DDC5-48C5-A214-1A1AB023AE16}.Release|x86.Build.0 = Release|x86
		{5D3AD7D1-BED1-4507-BE4B-FEBCC7170589}.Debug|Any CPU.ActiveCfg = Debug|Any CPU
		{5D3AD7D1-BED1-4507-BE4B-FEBCC7170589}.Debug|Any CPU.Build.0 = Debug|Any CPU
		{5D3AD7D1-BED1-4507-BE4B-FEBCC7170589}.Debug|Mixed Platforms.ActiveCfg = Debug|x86
		{5D3AD7D1-BED1-4507-BE4B-FEBCC7170589}.Debug|Mixed Platforms.Build.0 = Debug|x86
		{5D3AD7D1-BED1-4507-BE4B-FEBCC7170589}.Debug|x64.ActiveCfg = Debug|Any CPU
		{5D3AD7D1-BED1-4507-BE4B-FEBCC7170589}.Debug|x86.ActiveCfg = Debug|x86
		{5D3AD7D1-BED1-4507-BE4B-FEBCC7170589}.Debug|x86.Build.0 = Debug|x86
		{5D3AD7D1-BED1-4507-BE4B-FEBCC7170589}.Release|Any CPU.ActiveCfg = Release|Any CPU
		{5D3AD7D1-BED1-4507-BE4B-FEBCC7170589}.Release|Any CPU.Build.0 = Release|Any CPU
		{5D3AD7D1-BED1-4507-BE4B-FEBCC7170589}.Release|Mixed Platforms.ActiveCfg = Release|x86
		{5D3AD7D1-BED1-4507-BE4B-FEBCC7170589}.Release|Mixed Platforms.Build.0 = Release|x86
		{5D3AD7D1-BED1-4507-BE4B-FEBCC7170589}.Release|x64.ActiveCfg = Release|Any CPU
		{5D3AD7D1-BED1-4507-BE4B-FEBCC7170589}.Release|x86.ActiveCfg = Release|x86
		{5D3AD7D1-BED1-4507-BE4B-FEBCC7170589}.Release|x86.Build.0 = Release|x86
		{43505E0C-55A1-4BF5-A89F-989D19A846DC}.Debug|Any CPU.ActiveCfg = Debug|Any CPU
		{43505E0C-55A1-4BF5-A89F-989D19A846DC}.Debug|Any CPU.Build.0 = Debug|Any CPU
		{43505E0C-55A1-4BF5-A89F-989D19A846DC}.Debug|Mixed Platforms.ActiveCfg = Debug|Any CPU
		{43505E0C-55A1-4BF5-A89F-989D19A846DC}.Debug|Mixed Platforms.Build.0 = Debug|Any CPU
		{43505E0C-55A1-4BF5-A89F-989D19A846DC}.Debug|x64.ActiveCfg = Debug|Any CPU
		{43505E0C-55A1-4BF5-A89F-989D19A846DC}.Debug|x86.ActiveCfg = Debug|Any CPU
		{43505E0C-55A1-4BF5-A89F-989D19A846DC}.Debug|x86.Build.0 = Debug|Any CPU
		{43505E0C-55A1-4BF5-A89F-989D19A846DC}.Release|Any CPU.ActiveCfg = Release|Any CPU
		{43505E0C-55A1-4BF5-A89F-989D19A846DC}.Release|Any CPU.Build.0 = Release|Any CPU
		{43505E0C-55A1-4BF5-A89F-989D19A846DC}.Release|Mixed Platforms.ActiveCfg = Release|Any CPU
		{43505E0C-55A1-4BF5-A89F-989D19A846DC}.Release|Mixed Platforms.Build.0 = Release|Any CPU
		{43505E0C-55A1-4BF5-A89F-989D19A846DC}.Release|x64.ActiveCfg = Release|Any CPU
		{43505E0C-55A1-4BF5-A89F-989D19A846DC}.Release|x86.ActiveCfg = Release|Any CPU
		{43505E0C-55A1-4BF5-A89F-989D19A846DC}.Release|x86.Build.0 = Release|Any CPU
		{E296DC69-03A5-4A14-8D96-09709658D8A4}.Debug|Any CPU.ActiveCfg = Debug|Any CPU
		{E296DC69-03A5-4A14-8D96-09709658D8A4}.Debug|Any CPU.Build.0 = Debug|Any CPU
		{E296DC69-03A5-4A14-8D96-09709658D8A4}.Debug|Mixed Platforms.ActiveCfg = Debug|Any CPU
		{E296DC69-03A5-4A14-8D96-09709658D8A4}.Debug|Mixed Platforms.Build.0 = Debug|Any CPU
		{E296DC69-03A5-4A14-8D96-09709658D8A4}.Debug|x64.ActiveCfg = Debug|Any CPU
		{E296DC69-03A5-4A14-8D96-09709658D8A4}.Debug|x86.ActiveCfg = Debug|Any CPU
		{E296DC69-03A5-4A14-8D96-09709658D8A4}.Debug|x86.Build.0 = Debug|Any CPU
		{E296DC69-03A5-4A14-8D96-09709658D8A4}.Release|Any CPU.ActiveCfg = Release|Any CPU
		{E296DC69-03A5-4A14-8D96-09709658D8A4}.Release|Any CPU.Build.0 = Release|Any CPU
		{E296DC69-03A5-4A14-8D96-09709658D8A4}.Release|Mixed Platforms.ActiveCfg = Release|Any CPU
		{E296DC69-03A5-4A14-8D96-09709658D8A4}.Release|Mixed Platforms.Build.0 = Release|Any CPU
		{E296DC69-03A5-4A14-8D96-09709658D8A4}.Release|x64.ActiveCfg = Release|Any CPU
		{E296DC69-03A5-4A14-8D96-09709658D8A4}.Release|x86.ActiveCfg = Release|Any CPU
		{E296DC69-03A5-4A14-8D96-09709658D8A4}.Release|x86.Build.0 = Release|Any CPU
		{B43ED9FA-12AC-43E5-9F7E-EF3A5D043299}.Debug|Any CPU.ActiveCfg = Debug|Any CPU
		{B43ED9FA-12AC-43E5-9F7E-EF3A5D043299}.Debug|Any CPU.Build.0 = Debug|Any CPU
		{B43ED9FA-12AC-43E5-9F7E-EF3A5D043299}.Debug|Mixed Platforms.ActiveCfg = Debug|Any CPU
		{B43ED9FA-12AC-43E5-9F7E-EF3A5D043299}.Debug|Mixed Platforms.Build.0 = Debug|Any CPU
		{B43ED9FA-12AC-43E5-9F7E-EF3A5D043299}.Debug|x64.ActiveCfg = Debug|Any CPU
		{B43ED9FA-12AC-43E5-9F7E-EF3A5D043299}.Debug|x86.ActiveCfg = Debug|Any CPU
		{B43ED9FA-12AC-43E5-9F7E-EF3A5D043299}.Release|Any CPU.ActiveCfg = Release|Any CPU
		{B43ED9FA-12AC-43E5-9F7E-EF3A5D043299}.Release|Any CPU.Build.0 = Release|Any CPU
		{B43ED9FA-12AC-43E5-9F7E-EF3A5D043299}.Release|Mixed Platforms.ActiveCfg = Release|Any CPU
		{B43ED9FA-12AC-43E5-9F7E-EF3A5D043299}.Release|Mixed Platforms.Build.0 = Release|Any CPU
		{B43ED9FA-12AC-43E5-9F7E-EF3A5D043299}.Release|x64.ActiveCfg = Release|Any CPU
		{B43ED9FA-12AC-43E5-9F7E-EF3A5D043299}.Release|x86.ActiveCfg = Release|Any CPU
		{DCDAFCFF-793E-4FD9-9B67-14F51CD342AA}.Debug|Any CPU.ActiveCfg = Debug|Any CPU
		{DCDAFCFF-793E-4FD9-9B67-14F51CD342AA}.Debug|Any CPU.Build.0 = Debug|Any CPU
		{DCDAFCFF-793E-4FD9-9B67-14F51CD342AA}.Debug|Mixed Platforms.ActiveCfg = Debug|Any CPU
		{DCDAFCFF-793E-4FD9-9B67-14F51CD342AA}.Debug|Mixed Platforms.Build.0 = Debug|Any CPU
		{DCDAFCFF-793E-4FD9-9B67-14F51CD342AA}.Debug|x64.ActiveCfg = Debug|Any CPU
		{DCDAFCFF-793E-4FD9-9B67-14F51CD342AA}.Debug|x86.ActiveCfg = Debug|Any CPU
		{DCDAFCFF-793E-4FD9-9B67-14F51CD342AA}.Release|Any CPU.ActiveCfg = Release|Any CPU
		{DCDAFCFF-793E-4FD9-9B67-14F51CD342AA}.Release|Any CPU.Build.0 = Release|Any CPU
		{DCDAFCFF-793E-4FD9-9B67-14F51CD342AA}.Release|Mixed Platforms.ActiveCfg = Release|Any CPU
		{DCDAFCFF-793E-4FD9-9B67-14F51CD342AA}.Release|Mixed Platforms.Build.0 = Release|Any CPU
		{DCDAFCFF-793E-4FD9-9B67-14F51CD342AA}.Release|x64.ActiveCfg = Release|Any CPU
		{DCDAFCFF-793E-4FD9-9B67-14F51CD342AA}.Release|x86.ActiveCfg = Release|Any CPU
		{9085FA21-0BEE-4A6D-947B-F77384E0EA54}.Debug|Any CPU.ActiveCfg = Debug|Any CPU
		{9085FA21-0BEE-4A6D-947B-F77384E0EA54}.Debug|Any CPU.Build.0 = Debug|Any CPU
		{9085FA21-0BEE-4A6D-947B-F77384E0EA54}.Debug|Mixed Platforms.ActiveCfg = Debug|Any CPU
		{9085FA21-0BEE-4A6D-947B-F77384E0EA54}.Debug|Mixed Platforms.Build.0 = Debug|Any CPU
		{9085FA21-0BEE-4A6D-947B-F77384E0EA54}.Debug|x64.ActiveCfg = Debug|Any CPU
		{9085FA21-0BEE-4A6D-947B-F77384E0EA54}.Debug|x86.ActiveCfg = Debug|Any CPU
		{9085FA21-0BEE-4A6D-947B-F77384E0EA54}.Debug|x86.Build.0 = Debug|Any CPU
		{9085FA21-0BEE-4A6D-947B-F77384E0EA54}.Release|Any CPU.ActiveCfg = Release|Any CPU
		{9085FA21-0BEE-4A6D-947B-F77384E0EA54}.Release|Any CPU.Build.0 = Release|Any CPU
		{9085FA21-0BEE-4A6D-947B-F77384E0EA54}.Release|Mixed Platforms.ActiveCfg = Release|Any CPU
		{9085FA21-0BEE-4A6D-947B-F77384E0EA54}.Release|Mixed Platforms.Build.0 = Release|Any CPU
		{9085FA21-0BEE-4A6D-947B-F77384E0EA54}.Release|x64.ActiveCfg = Release|Any CPU
		{9085FA21-0BEE-4A6D-947B-F77384E0EA54}.Release|x86.ActiveCfg = Release|Any CPU
		{9085FA21-0BEE-4A6D-947B-F77384E0EA54}.Release|x86.Build.0 = Release|Any CPU
		{8624CBA4-3854-4E27-BF6D-731B880312AB}.Debug|Any CPU.ActiveCfg = Debug|Any CPU
		{8624CBA4-3854-4E27-BF6D-731B880312AB}.Debug|Any CPU.Build.0 = Debug|Any CPU
		{8624CBA4-3854-4E27-BF6D-731B880312AB}.Debug|Mixed Platforms.ActiveCfg = Debug|Any CPU
		{8624CBA4-3854-4E27-BF6D-731B880312AB}.Debug|Mixed Platforms.Build.0 = Debug|Any CPU
		{8624CBA4-3854-4E27-BF6D-731B880312AB}.Debug|x64.ActiveCfg = Debug|Any CPU
		{8624CBA4-3854-4E27-BF6D-731B880312AB}.Debug|x86.ActiveCfg = Debug|Any CPU
		{8624CBA4-3854-4E27-BF6D-731B880312AB}.Debug|x86.Build.0 = Debug|Any CPU
		{8624CBA4-3854-4E27-BF6D-731B880312AB}.Release|Any CPU.ActiveCfg = Release|Any CPU
		{8624CBA4-3854-4E27-BF6D-731B880312AB}.Release|Any CPU.Build.0 = Release|Any CPU
		{8624CBA4-3854-4E27-BF6D-731B880312AB}.Release|Mixed Platforms.ActiveCfg = Release|Any CPU
		{8624CBA4-3854-4E27-BF6D-731B880312AB}.Release|Mixed Platforms.Build.0 = Release|Any CPU
		{8624CBA4-3854-4E27-BF6D-731B880312AB}.Release|x64.ActiveCfg = Release|Any CPU
		{8624CBA4-3854-4E27-BF6D-731B880312AB}.Release|x86.ActiveCfg = Release|Any CPU
		{8624CBA4-3854-4E27-BF6D-731B880312AB}.Release|x86.Build.0 = Release|Any CPU
		{2F4D489C-4DD9-4822-BF1C-76794D629819}.Debug|Any CPU.ActiveCfg = Debug|Any CPU
		{2F4D489C-4DD9-4822-BF1C-76794D629819}.Debug|Any CPU.Build.0 = Debug|Any CPU
		{2F4D489C-4DD9-4822-BF1C-76794D629819}.Debug|Mixed Platforms.ActiveCfg = Debug|Any CPU
		{2F4D489C-4DD9-4822-BF1C-76794D629819}.Debug|Mixed Platforms.Build.0 = Debug|Any CPU
		{2F4D489C-4DD9-4822-BF1C-76794D629819}.Debug|x64.ActiveCfg = Debug|Any CPU
		{2F4D489C-4DD9-4822-BF1C-76794D629819}.Debug|x86.ActiveCfg = Debug|Any CPU
		{2F4D489C-4DD9-4822-BF1C-76794D629819}.Debug|x86.Build.0 = Debug|Any CPU
		{2F4D489C-4DD9-4822-BF1C-76794D629819}.Release|Any CPU.ActiveCfg = Release|Any CPU
		{2F4D489C-4DD9-4822-BF1C-76794D629819}.Release|Any CPU.Build.0 = Release|Any CPU
		{2F4D489C-4DD9-4822-BF1C-76794D629819}.Release|Mixed Platforms.ActiveCfg = Release|Any CPU
		{2F4D489C-4DD9-4822-BF1C-76794D629819}.Release|Mixed Platforms.Build.0 = Release|Any CPU
		{2F4D489C-4DD9-4822-BF1C-76794D629819}.Release|x64.ActiveCfg = Release|Any CPU
		{2F4D489C-4DD9-4822-BF1C-76794D629819}.Release|x86.ActiveCfg = Release|Any CPU
		{2F4D489C-4DD9-4822-BF1C-76794D629819}.Release|x86.Build.0 = Release|Any CPU
		{DC492438-FA81-46D6-B7C7-3F697EBE88FF}.Debug|Any CPU.ActiveCfg = Debug|Any CPU
		{DC492438-FA81-46D6-B7C7-3F697EBE88FF}.Debug|Any CPU.Build.0 = Debug|Any CPU
		{DC492438-FA81-46D6-B7C7-3F697EBE88FF}.Debug|Mixed Platforms.ActiveCfg = Debug|Any CPU
		{DC492438-FA81-46D6-B7C7-3F697EBE88FF}.Debug|Mixed Platforms.Build.0 = Debug|Any CPU
		{DC492438-FA81-46D6-B7C7-3F697EBE88FF}.Debug|x64.ActiveCfg = Debug|Any CPU
		{DC492438-FA81-46D6-B7C7-3F697EBE88FF}.Debug|x86.ActiveCfg = Debug|Any CPU
		{DC492438-FA81-46D6-B7C7-3F697EBE88FF}.Release|Any CPU.ActiveCfg = Release|Any CPU
		{DC492438-FA81-46D6-B7C7-3F697EBE88FF}.Release|Any CPU.Build.0 = Release|Any CPU
		{DC492438-FA81-46D6-B7C7-3F697EBE88FF}.Release|Mixed Platforms.ActiveCfg = Release|Any CPU
		{DC492438-FA81-46D6-B7C7-3F697EBE88FF}.Release|Mixed Platforms.Build.0 = Release|Any CPU
		{DC492438-FA81-46D6-B7C7-3F697EBE88FF}.Release|x64.ActiveCfg = Release|Any CPU
		{DC492438-FA81-46D6-B7C7-3F697EBE88FF}.Release|x86.ActiveCfg = Release|Any CPU
		{3E580A37-CA9B-432E-89ED-570F4DC31C1B}.Debug|Any CPU.ActiveCfg = Debug|Any CPU
		{3E580A37-CA9B-432E-89ED-570F4DC31C1B}.Debug|Any CPU.Build.0 = Debug|Any CPU
		{3E580A37-CA9B-432E-89ED-570F4DC31C1B}.Debug|Mixed Platforms.ActiveCfg = Debug|Any CPU
		{3E580A37-CA9B-432E-89ED-570F4DC31C1B}.Debug|Mixed Platforms.Build.0 = Debug|Any CPU
		{3E580A37-CA9B-432E-89ED-570F4DC31C1B}.Debug|x64.ActiveCfg = Debug|Any CPU
		{3E580A37-CA9B-432E-89ED-570F4DC31C1B}.Debug|x86.ActiveCfg = Debug|Any CPU
		{3E580A37-CA9B-432E-89ED-570F4DC31C1B}.Release|Any CPU.ActiveCfg = Release|Any CPU
		{3E580A37-CA9B-432E-89ED-570F4DC31C1B}.Release|Any CPU.Build.0 = Release|Any CPU
		{3E580A37-CA9B-432E-89ED-570F4DC31C1B}.Release|Mixed Platforms.ActiveCfg = Release|Any CPU
		{3E580A37-CA9B-432E-89ED-570F4DC31C1B}.Release|Mixed Platforms.Build.0 = Release|Any CPU
		{3E580A37-CA9B-432E-89ED-570F4DC31C1B}.Release|x64.ActiveCfg = Release|Any CPU
		{3E580A37-CA9B-432E-89ED-570F4DC31C1B}.Release|x86.ActiveCfg = Release|Any CPU
		{572CBB62-60EF-480A-BB4D-A463A8023B72}.Debug|Any CPU.ActiveCfg = Debug|Any CPU
		{572CBB62-60EF-480A-BB4D-A463A8023B72}.Debug|Any CPU.Build.0 = Debug|Any CPU
		{572CBB62-60EF-480A-BB4D-A463A8023B72}.Debug|Mixed Platforms.ActiveCfg = Debug|Any CPU
		{572CBB62-60EF-480A-BB4D-A463A8023B72}.Debug|Mixed Platforms.Build.0 = Debug|Any CPU
		{572CBB62-60EF-480A-BB4D-A463A8023B72}.Debug|x64.ActiveCfg = Debug|Any CPU
		{572CBB62-60EF-480A-BB4D-A463A8023B72}.Debug|x86.ActiveCfg = Debug|Any CPU
		{572CBB62-60EF-480A-BB4D-A463A8023B72}.Release|Any CPU.ActiveCfg = Release|Any CPU
		{572CBB62-60EF-480A-BB4D-A463A8023B72}.Release|Any CPU.Build.0 = Release|Any CPU
		{572CBB62-60EF-480A-BB4D-A463A8023B72}.Release|Mixed Platforms.ActiveCfg = Release|Any CPU
		{572CBB62-60EF-480A-BB4D-A463A8023B72}.Release|Mixed Platforms.Build.0 = Release|Any CPU
		{572CBB62-60EF-480A-BB4D-A463A8023B72}.Release|x64.ActiveCfg = Release|Any CPU
		{572CBB62-60EF-480A-BB4D-A463A8023B72}.Release|x86.ActiveCfg = Release|Any CPU
		{587B1348-5E06-447C-A3D9-8FED0266175A}.Debug|Any CPU.ActiveCfg = Debug|Any CPU
		{587B1348-5E06-447C-A3D9-8FED0266175A}.Debug|Any CPU.Build.0 = Debug|Any CPU
		{587B1348-5E06-447C-A3D9-8FED0266175A}.Debug|Mixed Platforms.ActiveCfg = Debug|Any CPU
		{587B1348-5E06-447C-A3D9-8FED0266175A}.Debug|Mixed Platforms.Build.0 = Debug|Any CPU
		{587B1348-5E06-447C-A3D9-8FED0266175A}.Debug|x64.ActiveCfg = Debug|Any CPU
		{587B1348-5E06-447C-A3D9-8FED0266175A}.Debug|x86.ActiveCfg = Debug|Any CPU
		{587B1348-5E06-447C-A3D9-8FED0266175A}.Release|Any CPU.ActiveCfg = Release|Any CPU
		{587B1348-5E06-447C-A3D9-8FED0266175A}.Release|Any CPU.Build.0 = Release|Any CPU
		{587B1348-5E06-447C-A3D9-8FED0266175A}.Release|Mixed Platforms.ActiveCfg = Release|Any CPU
		{587B1348-5E06-447C-A3D9-8FED0266175A}.Release|Mixed Platforms.Build.0 = Release|Any CPU
		{587B1348-5E06-447C-A3D9-8FED0266175A}.Release|x64.ActiveCfg = Release|Any CPU
		{587B1348-5E06-447C-A3D9-8FED0266175A}.Release|x86.ActiveCfg = Release|Any CPU
		{BEAF8F86-2C49-45B4-9C31-2F13974378F5}.Debug|Any CPU.ActiveCfg = Debug|Any CPU
		{BEAF8F86-2C49-45B4-9C31-2F13974378F5}.Debug|Any CPU.Build.0 = Debug|Any CPU
		{BEAF8F86-2C49-45B4-9C31-2F13974378F5}.Debug|Mixed Platforms.ActiveCfg = Debug|Any CPU
		{BEAF8F86-2C49-45B4-9C31-2F13974378F5}.Debug|Mixed Platforms.Build.0 = Debug|Any CPU
		{BEAF8F86-2C49-45B4-9C31-2F13974378F5}.Debug|x64.ActiveCfg = Debug|Any CPU
		{BEAF8F86-2C49-45B4-9C31-2F13974378F5}.Debug|x86.ActiveCfg = Debug|Any CPU
		{BEAF8F86-2C49-45B4-9C31-2F13974378F5}.Release|Any CPU.ActiveCfg = Release|Any CPU
		{BEAF8F86-2C49-45B4-9C31-2F13974378F5}.Release|Any CPU.Build.0 = Release|Any CPU
		{BEAF8F86-2C49-45B4-9C31-2F13974378F5}.Release|Mixed Platforms.ActiveCfg = Release|Any CPU
		{BEAF8F86-2C49-45B4-9C31-2F13974378F5}.Release|Mixed Platforms.Build.0 = Release|Any CPU
		{BEAF8F86-2C49-45B4-9C31-2F13974378F5}.Release|x64.ActiveCfg = Release|Any CPU
		{BEAF8F86-2C49-45B4-9C31-2F13974378F5}.Release|x86.ActiveCfg = Release|Any CPU
		{D3AA3033-CF89-4652-98FA-AE78E985A264}.Debug|Any CPU.ActiveCfg = Debug|Any CPU
		{D3AA3033-CF89-4652-98FA-AE78E985A264}.Debug|Any CPU.Build.0 = Debug|Any CPU
		{D3AA3033-CF89-4652-98FA-AE78E985A264}.Debug|Mixed Platforms.ActiveCfg = Debug|Any CPU
		{D3AA3033-CF89-4652-98FA-AE78E985A264}.Debug|Mixed Platforms.Build.0 = Debug|Any CPU
		{D3AA3033-CF89-4652-98FA-AE78E985A264}.Debug|x64.ActiveCfg = Debug|Any CPU
		{D3AA3033-CF89-4652-98FA-AE78E985A264}.Debug|x86.ActiveCfg = Debug|Any CPU
		{D3AA3033-CF89-4652-98FA-AE78E985A264}.Release|Any CPU.ActiveCfg = Release|Any CPU
		{D3AA3033-CF89-4652-98FA-AE78E985A264}.Release|Any CPU.Build.0 = Release|Any CPU
		{D3AA3033-CF89-4652-98FA-AE78E985A264}.Release|Mixed Platforms.ActiveCfg = Release|Any CPU
		{D3AA3033-CF89-4652-98FA-AE78E985A264}.Release|Mixed Platforms.Build.0 = Release|Any CPU
		{D3AA3033-CF89-4652-98FA-AE78E985A264}.Release|x64.ActiveCfg = Release|Any CPU
		{D3AA3033-CF89-4652-98FA-AE78E985A264}.Release|x86.ActiveCfg = Release|Any CPU
		{9634105C-ADB2-4B67-9311-5B12609BE060}.Debug|Any CPU.ActiveCfg = Debug|Any CPU
		{9634105C-ADB2-4B67-9311-5B12609BE060}.Debug|Any CPU.Build.0 = Debug|Any CPU
		{9634105C-ADB2-4B67-9311-5B12609BE060}.Debug|Mixed Platforms.ActiveCfg = Debug|Any CPU
		{9634105C-ADB2-4B67-9311-5B12609BE060}.Debug|Mixed Platforms.Build.0 = Debug|Any CPU
		{9634105C-ADB2-4B67-9311-5B12609BE060}.Debug|x64.ActiveCfg = Debug|Any CPU
		{9634105C-ADB2-4B67-9311-5B12609BE060}.Debug|x86.ActiveCfg = Debug|Any CPU
		{9634105C-ADB2-4B67-9311-5B12609BE060}.Release|Any CPU.ActiveCfg = Release|Any CPU
		{9634105C-ADB2-4B67-9311-5B12609BE060}.Release|Any CPU.Build.0 = Release|Any CPU
		{9634105C-ADB2-4B67-9311-5B12609BE060}.Release|Mixed Platforms.ActiveCfg = Release|Any CPU
		{9634105C-ADB2-4B67-9311-5B12609BE060}.Release|Mixed Platforms.Build.0 = Release|Any CPU
		{9634105C-ADB2-4B67-9311-5B12609BE060}.Release|x64.ActiveCfg = Release|Any CPU
		{9634105C-ADB2-4B67-9311-5B12609BE060}.Release|x86.ActiveCfg = Release|Any CPU
		{7A3F648F-C9AA-4B80-8BE2-50F88194CB03}.Debug|Any CPU.ActiveCfg = Debug|Any CPU
		{7A3F648F-C9AA-4B80-8BE2-50F88194CB03}.Debug|Any CPU.Build.0 = Debug|Any CPU
		{7A3F648F-C9AA-4B80-8BE2-50F88194CB03}.Debug|Mixed Platforms.ActiveCfg = Debug|Any CPU
		{7A3F648F-C9AA-4B80-8BE2-50F88194CB03}.Debug|Mixed Platforms.Build.0 = Debug|Any CPU
		{7A3F648F-C9AA-4B80-8BE2-50F88194CB03}.Debug|x64.ActiveCfg = Debug|Any CPU
		{7A3F648F-C9AA-4B80-8BE2-50F88194CB03}.Debug|x86.ActiveCfg = Debug|Any CPU
		{7A3F648F-C9AA-4B80-8BE2-50F88194CB03}.Release|Any CPU.ActiveCfg = Release|Any CPU
		{7A3F648F-C9AA-4B80-8BE2-50F88194CB03}.Release|Any CPU.Build.0 = Release|Any CPU
		{7A3F648F-C9AA-4B80-8BE2-50F88194CB03}.Release|Mixed Platforms.ActiveCfg = Release|Any CPU
		{7A3F648F-C9AA-4B80-8BE2-50F88194CB03}.Release|Mixed Platforms.Build.0 = Release|Any CPU
		{7A3F648F-C9AA-4B80-8BE2-50F88194CB03}.Release|x64.ActiveCfg = Release|Any CPU
		{7A3F648F-C9AA-4B80-8BE2-50F88194CB03}.Release|x86.ActiveCfg = Release|Any CPU
	EndGlobalSection
	GlobalSection(SolutionProperties) = preSolution
		HideSolutionNode = FALSE
	EndGlobalSection
	GlobalSection(NestedProjects) = preSolution
		{D5DD0AC3-3AC8-4810-BE69-DE6ED7CE96F6} = {B3E681E7-14DC-4CF2-AD1C-99749F547A7D}
		{8E5D494D-95B5-46AE-9642-92D04410A5F9} = {2C024753-CDE7-417A-AAAC-19B24D8914C3}
		{28C16C50-43E2-4CDD-AE40-62AB58692434} = {2C024753-CDE7-417A-AAAC-19B24D8914C3}
		{BB6FBB99-66E9-4D1E-B1D1-D585A0151505} = {2C024753-CDE7-417A-AAAC-19B24D8914C3}
		{3B9FF2E1-F240-4BB3-A116-5976892A2301} = {2C024753-CDE7-417A-AAAC-19B24D8914C3}
		{A46E653E-A3B8-4D4C-9110-A97FD747C31F} = {2C024753-CDE7-417A-AAAC-19B24D8914C3}
		{E7FA650F-88C2-4417-A349-CF9E0CBEF6FF} = {2C024753-CDE7-417A-AAAC-19B24D8914C3}
		{59D5703E-EA5E-4836-B557-1B99E80754E4} = {2C024753-CDE7-417A-AAAC-19B24D8914C3}
		{F723137B-DC93-4E92-B3A3-C02281B46E0F} = {2C024753-CDE7-417A-AAAC-19B24D8914C3}
		{C17815BF-001E-4872-A45E-0E6E48A59F0F} = {2C024753-CDE7-417A-AAAC-19B24D8914C3}
		{FDEE6F92-8D6D-4627-808E-D6B83BF55DEF} = {2C024753-CDE7-417A-AAAC-19B24D8914C3}
		{FDC68BD2-0361-49D4-8D65-BD766C0EC872} = {2C024753-CDE7-417A-AAAC-19B24D8914C3}
		{41932FC0-E9EE-4CB3-9C55-8DF8D6C75CB1} = {B3E681E7-14DC-4CF2-AD1C-99749F547A7D}
		{BC2F0808-E814-40F3-9B2F-0D4290350EBA} = {7D16F0C8-B5D0-404D-B1AA-E79C3A719C78}
		{79CB4602-86F9-4A51-B2E6-DF627D960341} = {2C024753-CDE7-417A-AAAC-19B24D8914C3}
		{2E3DA7A8-2783-48AB-AB28-90D7498EB5E1} = {C8F75AEF-093A-48DF-8AA6-581D18CB5EDC}
		{ECD4F8F7-F2D6-401B-A504-0F9E7491E307} = {2E3DA7A8-2783-48AB-AB28-90D7498EB5E1}
		{9455BAF4-2232-4D52-A422-5A082B2E8261} = {2E3DA7A8-2783-48AB-AB28-90D7498EB5E1}
		{F22AFCFA-155F-44A9-8202-480194DBF0FC} = {2E3DA7A8-2783-48AB-AB28-90D7498EB5E1}
		{AD86F8B2-7292-48C5-B951-4579E85ACDA1} = {2E3DA7A8-2783-48AB-AB28-90D7498EB5E1}
		{3DA04827-7479-4F84-B8FD-0D0ED8E06EB0} = {2E3DA7A8-2783-48AB-AB28-90D7498EB5E1}
		{85DC5FD0-E028-442F-829D-9AE36B3B79ED} = {2E3DA7A8-2783-48AB-AB28-90D7498EB5E1}
		{73378B61-2955-4908-9E10-A992141EE07A} = {2E3DA7A8-2783-48AB-AB28-90D7498EB5E1}
		{3F8B2BD4-CBAF-4786-978F-6F15F3924E04} = {2E3DA7A8-2783-48AB-AB28-90D7498EB5E1}
		{ABB3D5B0-B0CE-4CE9-B2A3-FDE4627DBF9A} = {C8F75AEF-093A-48DF-8AA6-581D18CB5EDC}
		{E8DE2385-3897-4484-B6F6-51D5030256D1} = {C8F75AEF-093A-48DF-8AA6-581D18CB5EDC}
		{0085D351-DDC5-48C5-A214-1A1AB023AE16} = {ABB3D5B0-B0CE-4CE9-B2A3-FDE4627DBF9A}
		{5D3AD7D1-BED1-4507-BE4B-FEBCC7170589} = {E8DE2385-3897-4484-B6F6-51D5030256D1}
		{43505E0C-55A1-4BF5-A89F-989D19A846DC} = {2C024753-CDE7-417A-AAAC-19B24D8914C3}
		{E296DC69-03A5-4A14-8D96-09709658D8A4} = {2E3DA7A8-2783-48AB-AB28-90D7498EB5E1}
		{B43ED9FA-12AC-43E5-9F7E-EF3A5D043299} = {79182664-8D78-4600-BE04-B31CC4243E3E}
		{DCDAFCFF-793E-4FD9-9B67-14F51CD342AA} = {79182664-8D78-4600-BE04-B31CC4243E3E}
		{81BCB453-EFDB-4BDA-A6E0-9D0ED191E09B} = {41932FC0-E9EE-4CB3-9C55-8DF8D6C75CB1}
		{9085FA21-0BEE-4A6D-947B-F77384E0EA54} = {2C024753-CDE7-417A-AAAC-19B24D8914C3}
		{8757BB40-DC1D-4136-92EE-76A4B3B83E5B} = {41932FC0-E9EE-4CB3-9C55-8DF8D6C75CB1}
		{8624CBA4-3854-4E27-BF6D-731B880312AB} = {7D16F0C8-B5D0-404D-B1AA-E79C3A719C78}
		{A6583178-8E38-4779-A37E-9F9DE0DAD28E} = {C8F75AEF-093A-48DF-8AA6-581D18CB5EDC}
		{2F4D489C-4DD9-4822-BF1C-76794D629819} = {A6583178-8E38-4779-A37E-9F9DE0DAD28E}
		{3B952DB9-652F-4F28-B106-48102E76E58B} = {C8F75AEF-093A-48DF-8AA6-581D18CB5EDC}
		{DC492438-FA81-46D6-B7C7-3F697EBE88FF} = {3B952DB9-652F-4F28-B106-48102E76E58B}
		{3E580A37-CA9B-432E-89ED-570F4DC31C1B} = {2E3DA7A8-2783-48AB-AB28-90D7498EB5E1}
		{28D2C597-924E-45EE-B9FC-43CFC45570DC} = {41932FC0-E9EE-4CB3-9C55-8DF8D6C75CB1}
		{572CBB62-60EF-480A-BB4D-A463A8023B72} = {4C47C48A-213D-4540-B9AC-E06ECC7FCBE6}
		{587B1348-5E06-447C-A3D9-8FED0266175A} = {4C47C48A-213D-4540-B9AC-E06ECC7FCBE6}
		{BEAF8F86-2C49-45B4-9C31-2F13974378F5} = {A6583178-8E38-4779-A37E-9F9DE0DAD28E}
		{D3AA3033-CF89-4652-98FA-AE78E985A264} = {2E3DA7A8-2783-48AB-AB28-90D7498EB5E1}
		{9634105C-ADB2-4B67-9311-5B12609BE060} = {15E2D5F4-EFB8-4B5B-B4DB-3F7B997CEE2C}
		{7A3F648F-C9AA-4B80-8BE2-50F88194CB03} = {8A9173B6-CEC6-47B1-B13A-FD628BBD2AAB}
	EndGlobalSection
EndGlobal
